{
  "name": "demo",
  "version": "2.1.0",
  "lockfileVersion": 3,
  "requires": true,
  "packages": {
    "": {
      "name": "demo",
      "version": "2.1.0",
      "license": "MIT",
      "dependencies": {
        "@dataforsyningen/gsearch-ui": "^2.0.1",
        "@dataforsyningen/saul": "^3.4.0",
        "ol": "^9.1.0",
        "ol-layerswitcher": "^4.1.1"
      },
      "devDependencies": {
        "esbuild": "^0.16.10"
      }
    },
    "node_modules/@dataforsyningen/gsearch-ui": {
      "version": "2.1.3",
      "resolved": "https://registry.npmjs.org/@dataforsyningen/gsearch-ui/-/gsearch-ui-2.1.3.tgz",
      "integrity": "sha512-DAbWRVNjDNgGzwTDtBthZ3zKk73Gx2SoICwf9wOiyawnUaI6u0mfQ16TPzQg7+mt3K+AtKoWEpVJk/Fbdv14RQ==",
      "license": "MIT"
    },
    "node_modules/@dataforsyningen/saul": {
      "version": "3.5.1",
      "resolved": "https://registry.npmjs.org/@dataforsyningen/saul/-/saul-3.5.1.tgz",
      "integrity": "sha512-mBiAcZGV+A0UhVCqaTWb1MBh6wcJvtFMoBYlWzEHdkZdE2j0lipPEkGtSR0soSLQUZPeKP9IRj4QObbP0PG+gw==",
      "license": "MIT",
      "dependencies": {
        "geotiff": "^2.0.5",
        "proj4": "^2.8.0"
      }
    },
    "node_modules/@esbuild/android-arm": {
      "version": "0.16.17",
      "resolved": "https://registry.npmjs.org/@esbuild/android-arm/-/android-arm-0.16.17.tgz",
      "integrity": "sha512-N9x1CMXVhtWEAMS7pNNONyA14f71VPQN9Cnavj1XQh6T7bskqiLLrSca4O0Vr8Wdcga943eThxnVp3JLnBMYtw==",
      "cpu": [
        "arm"
      ],
      "dev": true,
      "license": "MIT",
      "optional": true,
      "os": [
        "android"
      ],
      "engines": {
        "node": ">=12"
      }
    },
    "node_modules/@esbuild/android-arm64": {
      "version": "0.16.17",
      "resolved": "https://registry.npmjs.org/@esbuild/android-arm64/-/android-arm64-0.16.17.tgz",
      "integrity": "sha512-MIGl6p5sc3RDTLLkYL1MyL8BMRN4tLMRCn+yRJJmEDvYZ2M7tmAf80hx1kbNEUX2KJ50RRtxZ4JHLvCfuB6kBg==",
      "cpu": [
        "arm64"
      ],
      "dev": true,
      "license": "MIT",
      "optional": true,
      "os": [
        "android"
      ],
      "engines": {
        "node": ">=12"
      }
    },
    "node_modules/@esbuild/android-x64": {
      "version": "0.16.17",
      "resolved": "https://registry.npmjs.org/@esbuild/android-x64/-/android-x64-0.16.17.tgz",
      "integrity": "sha512-a3kTv3m0Ghh4z1DaFEuEDfz3OLONKuFvI4Xqczqx4BqLyuFaFkuaG4j2MtA6fuWEFeC5x9IvqnX7drmRq/fyAQ==",
      "cpu": [
        "x64"
      ],
      "dev": true,
      "license": "MIT",
      "optional": true,
      "os": [
        "android"
      ],
      "engines": {
        "node": ">=12"
      }
    },
    "node_modules/@esbuild/darwin-arm64": {
      "version": "0.16.17",
      "resolved": "https://registry.npmjs.org/@esbuild/darwin-arm64/-/darwin-arm64-0.16.17.tgz",
      "integrity": "sha512-/2agbUEfmxWHi9ARTX6OQ/KgXnOWfsNlTeLcoV7HSuSTv63E4DqtAc+2XqGw1KHxKMHGZgbVCZge7HXWX9Vn+w==",
      "cpu": [
        "arm64"
      ],
      "dev": true,
      "license": "MIT",
      "optional": true,
      "os": [
        "darwin"
      ],
      "engines": {
        "node": ">=12"
      }
    },
    "node_modules/@esbuild/darwin-x64": {
      "version": "0.16.17",
      "resolved": "https://registry.npmjs.org/@esbuild/darwin-x64/-/darwin-x64-0.16.17.tgz",
      "integrity": "sha512-2By45OBHulkd9Svy5IOCZt376Aa2oOkiE9QWUK9fe6Tb+WDr8hXL3dpqi+DeLiMed8tVXspzsTAvd0jUl96wmg==",
      "cpu": [
        "x64"
      ],
      "dev": true,
      "license": "MIT",
      "optional": true,
      "os": [
        "darwin"
      ],
      "engines": {
        "node": ">=12"
      }
    },
    "node_modules/@esbuild/freebsd-arm64": {
      "version": "0.16.17",
      "resolved": "https://registry.npmjs.org/@esbuild/freebsd-arm64/-/freebsd-arm64-0.16.17.tgz",
      "integrity": "sha512-mt+cxZe1tVx489VTb4mBAOo2aKSnJ33L9fr25JXpqQqzbUIw/yzIzi+NHwAXK2qYV1lEFp4OoVeThGjUbmWmdw==",
      "cpu": [
        "arm64"
      ],
      "dev": true,
      "license": "MIT",
      "optional": true,
      "os": [
        "freebsd"
      ],
      "engines": {
        "node": ">=12"
      }
    },
    "node_modules/@esbuild/freebsd-x64": {
      "version": "0.16.17",
      "resolved": "https://registry.npmjs.org/@esbuild/freebsd-x64/-/freebsd-x64-0.16.17.tgz",
      "integrity": "sha512-8ScTdNJl5idAKjH8zGAsN7RuWcyHG3BAvMNpKOBaqqR7EbUhhVHOqXRdL7oZvz8WNHL2pr5+eIT5c65kA6NHug==",
      "cpu": [
        "x64"
      ],
      "dev": true,
      "license": "MIT",
      "optional": true,
      "os": [
        "freebsd"
      ],
      "engines": {
        "node": ">=12"
      }
    },
    "node_modules/@esbuild/linux-arm": {
      "version": "0.16.17",
      "resolved": "https://registry.npmjs.org/@esbuild/linux-arm/-/linux-arm-0.16.17.tgz",
      "integrity": "sha512-iihzrWbD4gIT7j3caMzKb/RsFFHCwqqbrbH9SqUSRrdXkXaygSZCZg1FybsZz57Ju7N/SHEgPyaR0LZ8Zbe9gQ==",
      "cpu": [
        "arm"
      ],
      "dev": true,
      "license": "MIT",
      "optional": true,
      "os": [
        "linux"
      ],
      "engines": {
        "node": ">=12"
      }
    },
    "node_modules/@esbuild/linux-arm64": {
      "version": "0.16.17",
      "resolved": "https://registry.npmjs.org/@esbuild/linux-arm64/-/linux-arm64-0.16.17.tgz",
      "integrity": "sha512-7S8gJnSlqKGVJunnMCrXHU9Q8Q/tQIxk/xL8BqAP64wchPCTzuM6W3Ra8cIa1HIflAvDnNOt2jaL17vaW+1V0g==",
      "cpu": [
        "arm64"
      ],
      "dev": true,
      "license": "MIT",
      "optional": true,
      "os": [
        "linux"
      ],
      "engines": {
        "node": ">=12"
      }
    },
    "node_modules/@esbuild/linux-ia32": {
      "version": "0.16.17",
      "resolved": "https://registry.npmjs.org/@esbuild/linux-ia32/-/linux-ia32-0.16.17.tgz",
      "integrity": "sha512-kiX69+wcPAdgl3Lonh1VI7MBr16nktEvOfViszBSxygRQqSpzv7BffMKRPMFwzeJGPxcio0pdD3kYQGpqQ2SSg==",
      "cpu": [
        "ia32"
      ],
      "dev": true,
      "license": "MIT",
      "optional": true,
      "os": [
        "linux"
      ],
      "engines": {
        "node": ">=12"
      }
    },
    "node_modules/@esbuild/linux-loong64": {
      "version": "0.16.17",
      "resolved": "https://registry.npmjs.org/@esbuild/linux-loong64/-/linux-loong64-0.16.17.tgz",
      "integrity": "sha512-dTzNnQwembNDhd654cA4QhbS9uDdXC3TKqMJjgOWsC0yNCbpzfWoXdZvp0mY7HU6nzk5E0zpRGGx3qoQg8T2DQ==",
      "cpu": [
        "loong64"
      ],
      "dev": true,
      "license": "MIT",
      "optional": true,
      "os": [
        "linux"
      ],
      "engines": {
        "node": ">=12"
      }
    },
    "node_modules/@esbuild/linux-mips64el": {
      "version": "0.16.17",
      "resolved": "https://registry.npmjs.org/@esbuild/linux-mips64el/-/linux-mips64el-0.16.17.tgz",
      "integrity": "sha512-ezbDkp2nDl0PfIUn0CsQ30kxfcLTlcx4Foz2kYv8qdC6ia2oX5Q3E/8m6lq84Dj/6b0FrkgD582fJMIfHhJfSw==",
      "cpu": [
        "mips64el"
      ],
      "dev": true,
      "license": "MIT",
      "optional": true,
      "os": [
        "linux"
      ],
      "engines": {
        "node": ">=12"
      }
    },
    "node_modules/@esbuild/linux-ppc64": {
      "version": "0.16.17",
      "resolved": "https://registry.npmjs.org/@esbuild/linux-ppc64/-/linux-ppc64-0.16.17.tgz",
      "integrity": "sha512-dzS678gYD1lJsW73zrFhDApLVdM3cUF2MvAa1D8K8KtcSKdLBPP4zZSLy6LFZ0jYqQdQ29bjAHJDgz0rVbLB3g==",
      "cpu": [
        "ppc64"
      ],
      "dev": true,
      "license": "MIT",
      "optional": true,
      "os": [
        "linux"
      ],
      "engines": {
        "node": ">=12"
      }
    },
    "node_modules/@esbuild/linux-riscv64": {
      "version": "0.16.17",
      "resolved": "https://registry.npmjs.org/@esbuild/linux-riscv64/-/linux-riscv64-0.16.17.tgz",
      "integrity": "sha512-ylNlVsxuFjZK8DQtNUwiMskh6nT0vI7kYl/4fZgV1llP5d6+HIeL/vmmm3jpuoo8+NuXjQVZxmKuhDApK0/cKw==",
      "cpu": [
        "riscv64"
      ],
      "dev": true,
      "license": "MIT",
      "optional": true,
      "os": [
        "linux"
      ],
      "engines": {
        "node": ">=12"
      }
    },
    "node_modules/@esbuild/linux-s390x": {
      "version": "0.16.17",
      "resolved": "https://registry.npmjs.org/@esbuild/linux-s390x/-/linux-s390x-0.16.17.tgz",
      "integrity": "sha512-gzy7nUTO4UA4oZ2wAMXPNBGTzZFP7mss3aKR2hH+/4UUkCOyqmjXiKpzGrY2TlEUhbbejzXVKKGazYcQTZWA/w==",
      "cpu": [
        "s390x"
      ],
      "dev": true,
      "license": "MIT",
      "optional": true,
      "os": [
        "linux"
      ],
      "engines": {
        "node": ">=12"
      }
    },
    "node_modules/@esbuild/linux-x64": {
      "version": "0.16.17",
      "resolved": "https://registry.npmjs.org/@esbuild/linux-x64/-/linux-x64-0.16.17.tgz",
      "integrity": "sha512-mdPjPxfnmoqhgpiEArqi4egmBAMYvaObgn4poorpUaqmvzzbvqbowRllQ+ZgzGVMGKaPkqUmPDOOFQRUFDmeUw==",
      "cpu": [
        "x64"
      ],
      "dev": true,
      "license": "MIT",
      "optional": true,
      "os": [
        "linux"
      ],
      "engines": {
        "node": ">=12"
      }
    },
    "node_modules/@esbuild/netbsd-x64": {
      "version": "0.16.17",
      "resolved": "https://registry.npmjs.org/@esbuild/netbsd-x64/-/netbsd-x64-0.16.17.tgz",
      "integrity": "sha512-/PzmzD/zyAeTUsduZa32bn0ORug+Jd1EGGAUJvqfeixoEISYpGnAezN6lnJoskauoai0Jrs+XSyvDhppCPoKOA==",
      "cpu": [
        "x64"
      ],
      "dev": true,
      "license": "MIT",
      "optional": true,
      "os": [
        "netbsd"
      ],
      "engines": {
        "node": ">=12"
      }
    },
    "node_modules/@esbuild/openbsd-x64": {
      "version": "0.16.17",
      "resolved": "https://registry.npmjs.org/@esbuild/openbsd-x64/-/openbsd-x64-0.16.17.tgz",
      "integrity": "sha512-2yaWJhvxGEz2RiftSk0UObqJa/b+rIAjnODJgv2GbGGpRwAfpgzyrg1WLK8rqA24mfZa9GvpjLcBBg8JHkoodg==",
      "cpu": [
        "x64"
      ],
      "dev": true,
      "license": "MIT",
      "optional": true,
      "os": [
        "openbsd"
      ],
      "engines": {
        "node": ">=12"
      }
    },
    "node_modules/@esbuild/sunos-x64": {
      "version": "0.16.17",
      "resolved": "https://registry.npmjs.org/@esbuild/sunos-x64/-/sunos-x64-0.16.17.tgz",
      "integrity": "sha512-xtVUiev38tN0R3g8VhRfN7Zl42YCJvyBhRKw1RJjwE1d2emWTVToPLNEQj/5Qxc6lVFATDiy6LjVHYhIPrLxzw==",
      "cpu": [
        "x64"
      ],
      "dev": true,
      "license": "MIT",
      "optional": true,
      "os": [
        "sunos"
      ],
      "engines": {
        "node": ">=12"
      }
    },
    "node_modules/@esbuild/win32-arm64": {
      "version": "0.16.17",
      "resolved": "https://registry.npmjs.org/@esbuild/win32-arm64/-/win32-arm64-0.16.17.tgz",
      "integrity": "sha512-ga8+JqBDHY4b6fQAmOgtJJue36scANy4l/rL97W+0wYmijhxKetzZdKOJI7olaBaMhWt8Pac2McJdZLxXWUEQw==",
      "cpu": [
        "arm64"
      ],
      "dev": true,
      "license": "MIT",
      "optional": true,
      "os": [
        "win32"
      ],
      "engines": {
        "node": ">=12"
      }
    },
    "node_modules/@esbuild/win32-ia32": {
      "version": "0.16.17",
      "resolved": "https://registry.npmjs.org/@esbuild/win32-ia32/-/win32-ia32-0.16.17.tgz",
      "integrity": "sha512-WnsKaf46uSSF/sZhwnqE4L/F89AYNMiD4YtEcYekBt9Q7nj0DiId2XH2Ng2PHM54qi5oPrQ8luuzGszqi/veig==",
      "cpu": [
        "ia32"
      ],
      "dev": true,
      "license": "MIT",
      "optional": true,
      "os": [
        "win32"
      ],
      "engines": {
        "node": ">=12"
      }
    },
    "node_modules/@esbuild/win32-x64": {
      "version": "0.16.17",
      "resolved": "https://registry.npmjs.org/@esbuild/win32-x64/-/win32-x64-0.16.17.tgz",
      "integrity": "sha512-y+EHuSchhL7FjHgvQL/0fnnFmO4T1bhvWANX6gcnqTjtnKWbTvUMCpGnv2+t+31d7RzyEAYAd4u2fnIhHL6N/Q==",
      "cpu": [
        "x64"
      ],
      "dev": true,
      "license": "MIT",
      "optional": true,
      "os": [
        "win32"
      ],
      "engines": {
        "node": ">=12"
      }
    },
    "node_modules/@petamoriken/float16": {
      "version": "3.8.7",
      "resolved": "https://registry.npmjs.org/@petamoriken/float16/-/float16-3.8.7.tgz",
      "integrity": "sha512-/Ri4xDDpe12NT6Ex/DRgHzLlobiQXEW/hmG08w1wj/YU7hLemk97c+zHQFp0iZQ9r7YqgLEXZR2sls4HxBf9NA==",
      "license": "MIT"
    },
    "node_modules/color-name": {
      "version": "2.0.0",
      "resolved": "https://registry.npmjs.org/color-name/-/color-name-2.0.0.tgz",
      "integrity": "sha512-SbtvAMWvASO5TE2QP07jHBMXKafgdZz8Vrsrn96fiL+O92/FN/PLARzUW5sKt013fjAprK2d2iCn2hk2Xb5oow==",
      "license": "MIT",
      "engines": {
        "node": ">=12.20"
      }
    },
    "node_modules/color-parse": {
      "version": "2.0.2",
      "resolved": "https://registry.npmjs.org/color-parse/-/color-parse-2.0.2.tgz",
      "integrity": "sha512-eCtOz5w5ttWIUcaKLiktF+DxZO1R9KLNY/xhbV6CkhM7sR3GhVghmt6X6yOnzeaM24po+Z9/S1apbXMwA3Iepw==",
      "license": "MIT",
      "dependencies": {
        "color-name": "^2.0.0"
      }
    },
    "node_modules/color-rgba": {
      "version": "3.0.0",
      "resolved": "https://registry.npmjs.org/color-rgba/-/color-rgba-3.0.0.tgz",
      "integrity": "sha512-PPwZYkEY3M2THEHHV6Y95sGUie77S7X8v+h1r6LSAPF3/LL2xJ8duUXSrkic31Nzc4odPwHgUbiX/XuTYzQHQg==",
      "license": "MIT",
      "dependencies": {
        "color-parse": "^2.0.0",
        "color-space": "^2.0.0"
      }
    },
    "node_modules/color-space": {
      "version": "2.0.1",
      "resolved": "https://registry.npmjs.org/color-space/-/color-space-2.0.1.tgz",
      "integrity": "sha512-nKqUYlo0vZATVOFHY810BSYjmCARrG7e5R3UE3CQlyjJTvv5kSSmPG1kzm/oDyyqjehM+lW1RnEt9It9GNa5JA==",
      "license": "MIT"
    },
    "node_modules/earcut": {
      "version": "2.2.4",
      "resolved": "https://registry.npmjs.org/earcut/-/earcut-2.2.4.tgz",
      "integrity": "sha512-/pjZsA1b4RPHbeWZQn66SWS8nZZWLQQ23oE3Eam7aroEFGEvwKAsJfZ9ytiEMycfzXWpca4FA9QIOehf7PocBQ==",
      "license": "ISC"
    },
    "node_modules/esbuild": {
      "version": "0.16.17",
      "resolved": "https://registry.npmjs.org/esbuild/-/esbuild-0.16.17.tgz",
      "integrity": "sha512-G8LEkV0XzDMNwXKgM0Jwu3nY3lSTwSGY6XbxM9cr9+s0T/qSV1q1JVPBGzm3dcjhCic9+emZDmMffkwgPeOeLg==",
      "dev": true,
      "hasInstallScript": true,
      "license": "MIT",
      "bin": {
        "esbuild": "bin/esbuild"
      },
      "engines": {
        "node": ">=12"
      },
      "optionalDependencies": {
        "@esbuild/android-arm": "0.16.17",
        "@esbuild/android-arm64": "0.16.17",
        "@esbuild/android-x64": "0.16.17",
        "@esbuild/darwin-arm64": "0.16.17",
        "@esbuild/darwin-x64": "0.16.17",
        "@esbuild/freebsd-arm64": "0.16.17",
        "@esbuild/freebsd-x64": "0.16.17",
        "@esbuild/linux-arm": "0.16.17",
        "@esbuild/linux-arm64": "0.16.17",
        "@esbuild/linux-ia32": "0.16.17",
        "@esbuild/linux-loong64": "0.16.17",
        "@esbuild/linux-mips64el": "0.16.17",
        "@esbuild/linux-ppc64": "0.16.17",
        "@esbuild/linux-riscv64": "0.16.17",
        "@esbuild/linux-s390x": "0.16.17",
        "@esbuild/linux-x64": "0.16.17",
        "@esbuild/netbsd-x64": "0.16.17",
        "@esbuild/openbsd-x64": "0.16.17",
        "@esbuild/sunos-x64": "0.16.17",
        "@esbuild/win32-arm64": "0.16.17",
        "@esbuild/win32-ia32": "0.16.17",
        "@esbuild/win32-x64": "0.16.17"
      }
    },
    "node_modules/geotiff": {
      "version": "2.1.3",
      "resolved": "https://registry.npmjs.org/geotiff/-/geotiff-2.1.3.tgz",
      "integrity": "sha512-PT6uoF5a1+kbC3tHmZSUsLHBp2QJlHasxxxxPW47QIY1VBKpFB+FcDvX+MxER6UzgLQZ0xDzJ9s48B9JbOCTqA==",
      "license": "MIT",
      "dependencies": {
        "@petamoriken/float16": "^3.4.7",
        "lerc": "^3.0.0",
        "pako": "^2.0.4",
        "parse-headers": "^2.0.2",
        "quick-lru": "^6.1.1",
        "web-worker": "^1.2.0",
        "xml-utils": "^1.0.2",
        "zstddec": "^0.1.0"
      },
      "engines": {
        "node": ">=10.19"
      }
    },
    "node_modules/ieee754": {
      "version": "1.2.1",
      "resolved": "https://registry.npmjs.org/ieee754/-/ieee754-1.2.1.tgz",
      "integrity": "sha512-dcyqhDvX1C46lXZcVqCpK+FtMRQVdIMN6/Df5js2zouUsqG7I6sFxitIC+7KYK29KdXOLHdu9zL4sFnoVQnqaA==",
      "funding": [
        {
          "type": "github",
          "url": "https://github.com/sponsors/feross"
        },
        {
          "type": "patreon",
          "url": "https://www.patreon.com/feross"
        },
        {
          "type": "consulting",
          "url": "https://feross.org/support"
        }
      ],
      "license": "BSD-3-Clause"
    },
    "node_modules/lerc": {
      "version": "3.0.0",
      "resolved": "https://registry.npmjs.org/lerc/-/lerc-3.0.0.tgz",
      "integrity": "sha512-Rm4J/WaHhRa93nCN2mwWDZFoRVF18G1f47C+kvQWyHGEZxFpTUi73p7lMVSAndyxGt6lJ2/CFbOcf9ra5p8aww==",
      "license": "Apache-2.0"
    },
    "node_modules/mgrs": {
      "version": "1.0.0",
      "resolved": "https://registry.npmjs.org/mgrs/-/mgrs-1.0.0.tgz",
      "integrity": "sha512-awNbTOqCxK1DBGjalK3xqWIstBZgN6fxsMSiXLs9/spqWkF2pAhb2rrYCFSsr1/tT7PhcDGjZndG8SWYn0byYA==",
      "license": "MIT"
    },
    "node_modules/ol": {
      "version": "9.2.4",
      "resolved": "https://registry.npmjs.org/ol/-/ol-9.2.4.tgz",
      "integrity": "sha512-bsbu4ObaAlbELMIZWnYEvX4Z9jO+OyCBshtODhDKmqYTPEfnKOX3RieCr97tpJkqWTZvyV4tS9UQDvHoCdxS+A==",
      "license": "BSD-2-Clause",
      "dependencies": {
        "color-rgba": "^3.0.0",
        "color-space": "^2.0.1",
        "earcut": "^2.2.3",
        "geotiff": "^2.0.7",
        "pbf": "3.2.1",
        "rbush": "^3.0.1"
      },
      "funding": {
        "type": "opencollective",
        "url": "https://opencollective.com/openlayers"
      }
    },
    "node_modules/ol-layerswitcher": {
      "version": "4.1.2",
      "resolved": "https://registry.npmjs.org/ol-layerswitcher/-/ol-layerswitcher-4.1.2.tgz",
      "integrity": "sha512-yF1iNqPKWr7AcsIWnr5He+T/J4X3qdce7qr8QUi/5Xyjo6uFjVvVijdAhMwiNfJrBNh9JhrXeDSl+1/cTT58KA==",
      "license": "MIT",
      "peerDependencies": {
        "ol": ">=5.0.0"
      }
    },
    "node_modules/pako": {
      "version": "2.1.0",
      "resolved": "https://registry.npmjs.org/pako/-/pako-2.1.0.tgz",
      "integrity": "sha512-w+eufiZ1WuJYgPXbV/PO3NCMEc3xqylkKHzp8bxp1uW4qaSNQUkwmLLEc3kKsfz8lpV1F8Ht3U1Cm+9Srog2ug==",
      "license": "(MIT AND Zlib)"
    },
    "node_modules/parse-headers": {
      "version": "2.0.5",
      "resolved": "https://registry.npmjs.org/parse-headers/-/parse-headers-2.0.5.tgz",
      "integrity": "sha512-ft3iAoLOB/MlwbNXgzy43SWGP6sQki2jQvAyBg/zDFAgr9bfNWZIUj42Kw2eJIl8kEi4PbgE6U1Zau/HwI75HA==",
      "license": "MIT"
    },
    "node_modules/pbf": {
      "version": "3.2.1",
      "resolved": "https://registry.npmjs.org/pbf/-/pbf-3.2.1.tgz",
      "integrity": "sha512-ClrV7pNOn7rtmoQVF4TS1vyU0WhYRnP92fzbfF75jAIwpnzdJXf8iTd4CMEqO4yUenH6NDqLiwjqlh6QgZzgLQ==",
      "license": "BSD-3-Clause",
      "dependencies": {
        "ieee754": "^1.1.12",
        "resolve-protobuf-schema": "^2.1.0"
      },
      "bin": {
        "pbf": "bin/pbf"
      }
    },
    "node_modules/proj4": {
      "version": "2.12.1",
      "resolved": "https://registry.npmjs.org/proj4/-/proj4-2.12.1.tgz",
      "integrity": "sha512-vmhP3hmstjXjzFwg8QXJwpoj4n7GVrXk3ZW3DzNK/Ur4cuwXq7ZiMXaWYvLYLQbX8n4MXgbwTr4lthOUZltBpA==",
      "license": "MIT",
      "dependencies": {
        "mgrs": "1.0.0",
        "wkt-parser": "^1.3.3"
      }
    },
    "node_modules/protocol-buffers-schema": {
      "version": "3.6.0",
      "resolved": "https://registry.npmjs.org/protocol-buffers-schema/-/protocol-buffers-schema-3.6.0.tgz",
      "integrity": "sha512-TdDRD+/QNdrCGCE7v8340QyuXd4kIWIgapsE2+n/SaGiSSbomYl4TjHlvIoCWRpE7wFt02EpB35VVA2ImcBVqw==",
      "license": "MIT"
    },
    "node_modules/quick-lru": {
      "version": "6.1.2",
      "resolved": "https://registry.npmjs.org/quick-lru/-/quick-lru-6.1.2.tgz",
      "integrity": "sha512-AAFUA5O1d83pIHEhJwWCq/RQcRukCkn/NSm2QsTEMle5f2hP0ChI2+3Xb051PZCkLryI/Ir1MVKviT2FIloaTQ==",
      "license": "MIT",
      "engines": {
        "node": ">=12"
      },
      "funding": {
        "url": "https://github.com/sponsors/sindresorhus"
      }
    },
    "node_modules/quickselect": {
      "version": "2.0.0",
      "resolved": "https://registry.npmjs.org/quickselect/-/quickselect-2.0.0.tgz",
      "integrity": "sha512-RKJ22hX8mHe3Y6wH/N3wCM6BWtjaxIyyUIkpHOvfFnxdI4yD4tBXEBKSbriGujF6jnSVkJrffuo6vxACiSSxIw==",
      "license": "ISC"
    },
    "node_modules/rbush": {
      "version": "3.0.1",
      "resolved": "https://registry.npmjs.org/rbush/-/rbush-3.0.1.tgz",
      "integrity": "sha512-XRaVO0YecOpEuIvbhbpTrZgoiI6xBlz6hnlr6EHhd+0x9ase6EmeN+hdwwUaJvLcsFFQ8iWVF1GAK1yB0BWi0w==",
      "license": "MIT",
      "dependencies": {
        "quickselect": "^2.0.0"
      }
    },
    "node_modules/resolve-protobuf-schema": {
      "version": "2.1.0",
      "resolved": "https://registry.npmjs.org/resolve-protobuf-schema/-/resolve-protobuf-schema-2.1.0.tgz",
      "integrity": "sha512-kI5ffTiZWmJaS/huM8wZfEMer1eRd7oJQhDuxeCLe3t7N7mX3z94CN0xPxBQxFYQTSNz9T0i+v6inKqSdK8xrQ==",
      "license": "MIT",
      "dependencies": {
        "protocol-buffers-schema": "^3.3.1"
      }
    },
    "node_modules/web-worker": {
      "version": "1.3.0",
      "resolved": "https://registry.npmjs.org/web-worker/-/web-worker-1.3.0.tgz",
      "integrity": "sha512-BSR9wyRsy/KOValMgd5kMyr3JzpdeoR9KVId8u5GVlTTAtNChlsE4yTxeY7zMdNSyOmoKBv8NH2qeRY9Tg+IaA==",
      "license": "Apache-2.0"
    },
    "node_modules/wkt-parser": {
      "version": "1.3.3",
      "resolved": "https://registry.npmjs.org/wkt-parser/-/wkt-parser-1.3.3.tgz",
      "integrity": "sha512-ZnV3yH8/k58ZPACOXeiHaMuXIiaTk1t0hSUVisbO0t4RjA5wPpUytcxeyiN2h+LZRrmuHIh/1UlrR9e7DHDvTw==",
      "license": "MIT"
    },
    "node_modules/xml-utils": {
      "version": "1.10.1",
      "resolved": "https://registry.npmjs.org/xml-utils/-/xml-utils-1.10.1.tgz",
      "integrity": "sha512-Dn6vJ1Z9v1tepSjvnCpwk5QqwIPcEFKdgnjqfYOABv1ngSofuAhtlugcUC3ehS1OHdgDWSG6C5mvj+Qm15udTQ==",
      "license": "CC0-1.0"
    },
    "node_modules/zstddec": {
      "version": "0.1.0",
      "resolved": "https://registry.npmjs.org/zstddec/-/zstddec-0.1.0.tgz",
      "integrity": "sha512-w2NTI8+3l3eeltKAdK8QpiLo/flRAr2p8AGeakfMZOXBxOg9HIu4LVDxBi81sYgVhFhdJjv1OrB5ssI8uFPoLg==",
      "license": "MIT AND BSD-3-Clause"
    }
  }
}
